// !$*UTF8*$!
{
	archiveVersion = 1;
	classes = {
	};
	objectVersion = 77;
	objects = {

/* Begin PBXBuildFile section */
		8AD902EE2D135753004AAC0E /* jack_sparrow.gif in Resources */ = {isa = PBXBuildFile; fileRef = 8AD902ED2D135753004AAC0E /* jack_sparrow.gif */; };
/* End PBXBuildFile section */

/* Begin PBXContainerItemProxy section */
		8A225F422D0ABC70008BA92B /* PBXContainerItemProxy */ = {
			isa = PBXContainerItemProxy;
			containerPortal = 8A225F292D0ABC6F008BA92B /* Project object */;
			proxyType = 1;
			remoteGlobalIDString = 8A225F302D0ABC6F008BA92B;
			remoteInfo = "Next Wave";
		};
		8A225F4C2D0ABC70008BA92B /* PBXContainerItemProxy */ = {
			isa = PBXContainerItemProxy;
			containerPortal = 8A225F292D0ABC6F008BA92B /* Project object */;
			proxyType = 1;
			remoteGlobalIDString = 8A225F302D0ABC6F008BA92B;
			remoteInfo = "Next Wave";
		};
/* End PBXContainerItemProxy section */

/* Begin PBXFileReference section */
		8A225F312D0ABC6F008BA92B /* Next Wave.app */ = {isa = PBXFileReference; explicitFileType = wrapper.application; includeInIndex = 0; path = "Next Wave.app"; sourceTree = BUILT_PRODUCTS_DIR; };
		8A225F412D0ABC70008BA92B /* Next WaveTests.xctest */ = {isa = PBXFileReference; explicitFileType = wrapper.cfbundle; includeInIndex = 0; path = "Next WaveTests.xctest"; sourceTree = BUILT_PRODUCTS_DIR; };
		8A225F4B2D0ABC70008BA92B /* Next WaveUITests.xctest */ = {isa = PBXFileReference; explicitFileType = wrapper.cfbundle; includeInIndex = 0; path = "Next WaveUITests.xctest"; sourceTree = BUILT_PRODUCTS_DIR; };
		8AD902ED2D135753004AAC0E /* jack_sparrow.gif */ = {isa = PBXFileReference; lastKnownFileType = image.gif; path = jack_sparrow.gif; sourceTree = "<group>"; };
/* End PBXFileReference section */

/* Begin PBXFileSystemSynchronizedBuildFileExceptionSet section */
		8A92C6AA2D27E7580018563D /* Exceptions for "Next Wave" folder in "Next Wave" target */ = {
			isa = PBXFileSystemSynchronizedBuildFileExceptionSet;
			membershipExceptions = (
				Info.plist,
			);
			target = 8A225F302D0ABC6F008BA92B /* Next Wave */;
		};
/* End PBXFileSystemSynchronizedBuildFileExceptionSet section */

/* Begin PBXFileSystemSynchronizedRootGroup section */
		8A225F332D0ABC6F008BA92B /* Next Wave */ = {
			isa = PBXFileSystemSynchronizedRootGroup;
			exceptions = (
				8A92C6AA2D27E7580018563D /* Exceptions for "Next Wave" folder in "Next Wave" target */,
			);
			path = "Next Wave";
			sourceTree = "<group>";
		};
		8A225F442D0ABC70008BA92B /* Next WaveTests */ = {
			isa = PBXFileSystemSynchronizedRootGroup;
			path = "Next WaveTests";
			sourceTree = "<group>";
		};
		8A225F4E2D0ABC70008BA92B /* Next WaveUITests */ = {
			isa = PBXFileSystemSynchronizedRootGroup;
			path = "Next WaveUITests";
			sourceTree = "<group>";
		};
		8A6C289C2D15F67600F0A5A9 /* soundfiles */ = {
			isa = PBXFileSystemSynchronizedRootGroup;
			path = soundfiles;
			sourceTree = "<group>";
		};
/* End PBXFileSystemSynchronizedRootGroup section */

/* Begin PBXFrameworksBuildPhase section */
		8A225F2E2D0ABC6F008BA92B /* Frameworks */ = {
			isa = PBXFrameworksBuildPhase;
			buildActionMask = 2147483647;
			files = (
			);
			runOnlyForDeploymentPostprocessing = 0;
		};
		8A225F3E2D0ABC70008BA92B /* Frameworks */ = {
			isa = PBXFrameworksBuildPhase;
			buildActionMask = 2147483647;
			files = (
			);
			runOnlyForDeploymentPostprocessing = 0;
		};
		8A225F482D0ABC70008BA92B /* Frameworks */ = {
			isa = PBXFrameworksBuildPhase;
			buildActionMask = 2147483647;
			files = (
			);
			runOnlyForDeploymentPostprocessing = 0;
		};
/* End PBXFrameworksBuildPhase section */

/* Begin PBXGroup section */
		8A225F282D0ABC6F008BA92B = {
			isa = PBXGroup;
			children = (
				8AD902ED2D135753004AAC0E /* jack_sparrow.gif */,
				8A225F332D0ABC6F008BA92B /* Next Wave */,
				8A225F442D0ABC70008BA92B /* Next WaveTests */,
				8A225F4E2D0ABC70008BA92B /* Next WaveUITests */,
				8A225F322D0ABC6F008BA92B /* Products */,
				8A6C289C2D15F67600F0A5A9 /* soundfiles */,
			);
			sourceTree = "<group>";
		};
		8A225F322D0ABC6F008BA92B /* Products */ = {
			isa = PBXGroup;
			children = (
				8A225F312D0ABC6F008BA92B /* Next Wave.app */,
				8A225F412D0ABC70008BA92B /* Next WaveTests.xctest */,
				8A225F4B2D0ABC70008BA92B /* Next WaveUITests.xctest */,
			);
			name = Products;
			sourceTree = "<group>";
		};
/* End PBXGroup section */

/* Begin PBXNativeTarget section */
		8A225F302D0ABC6F008BA92B /* Next Wave */ = {
			isa = PBXNativeTarget;
			buildConfigurationList = 8A225F552D0ABC70008BA92B /* Build configuration list for PBXNativeTarget "Next Wave" */;
			buildPhases = (
				8A225F2D2D0ABC6F008BA92B /* Sources */,
				8A225F2E2D0ABC6F008BA92B /* Frameworks */,
				8A225F2F2D0ABC6F008BA92B /* Resources */,
			);
			buildRules = (
			);
			dependencies = (
			);
			fileSystemSynchronizedGroups = (
				8A225F332D0ABC6F008BA92B /* Next Wave */,
				8A6C289C2D15F67600F0A5A9 /* soundfiles */,
			);
			name = "Next Wave";
			packageProductDependencies = (
			);
			productName = "Next Wave";
			productReference = 8A225F312D0ABC6F008BA92B /* Next Wave.app */;
			productType = "com.apple.product-type.application";
		};
		8A225F402D0ABC70008BA92B /* Next WaveTests */ = {
			isa = PBXNativeTarget;
			buildConfigurationList = 8A225F582D0ABC70008BA92B /* Build configuration list for PBXNativeTarget "Next WaveTests" */;
			buildPhases = (
				8A225F3D2D0ABC70008BA92B /* Sources */,
				8A225F3E2D0ABC70008BA92B /* Frameworks */,
				8A225F3F2D0ABC70008BA92B /* Resources */,
			);
			buildRules = (
			);
			dependencies = (
				8A225F432D0ABC70008BA92B /* PBXTargetDependency */,
			);
			fileSystemSynchronizedGroups = (
				8A225F442D0ABC70008BA92B /* Next WaveTests */,
			);
			name = "Next WaveTests";
			packageProductDependencies = (
			);
			productName = "Next WaveTests";
			productReference = 8A225F412D0ABC70008BA92B /* Next WaveTests.xctest */;
			productType = "com.apple.product-type.bundle.unit-test";
		};
		8A225F4A2D0ABC70008BA92B /* Next WaveUITests */ = {
			isa = PBXNativeTarget;
			buildConfigurationList = 8A225F5B2D0ABC70008BA92B /* Build configuration list for PBXNativeTarget "Next WaveUITests" */;
			buildPhases = (
				8A225F472D0ABC70008BA92B /* Sources */,
				8A225F482D0ABC70008BA92B /* Frameworks */,
				8A225F492D0ABC70008BA92B /* Resources */,
			);
			buildRules = (
			);
			dependencies = (
				8A225F4D2D0ABC70008BA92B /* PBXTargetDependency */,
			);
			fileSystemSynchronizedGroups = (
				8A225F4E2D0ABC70008BA92B /* Next WaveUITests */,
			);
			name = "Next WaveUITests";
			packageProductDependencies = (
			);
			productName = "Next WaveUITests";
			productReference = 8A225F4B2D0ABC70008BA92B /* Next WaveUITests.xctest */;
			productType = "com.apple.product-type.bundle.ui-testing";
		};
/* End PBXNativeTarget section */

/* Begin PBXProject section */
		8A225F292D0ABC6F008BA92B /* Project object */ = {
			isa = PBXProject;
			attributes = {
				BuildIndependentTargetsInParallel = 1;
				LastSwiftUpdateCheck = 1610;
				LastUpgradeCheck = 1610;
				TargetAttributes = {
					8A225F302D0ABC6F008BA92B = {
						CreatedOnToolsVersion = 16.1;
					};
					8A225F402D0ABC70008BA92B = {
						CreatedOnToolsVersion = 16.1;
						TestTargetID = 8A225F302D0ABC6F008BA92B;
					};
					8A225F4A2D0ABC70008BA92B = {
						CreatedOnToolsVersion = 16.1;
						TestTargetID = 8A225F302D0ABC6F008BA92B;
					};
				};
			};
			buildConfigurationList = 8A225F2C2D0ABC6F008BA92B /* Build configuration list for PBXProject "Next Wave" */;
			developmentRegion = en;
			hasScannedForEncodings = 0;
			knownRegions = (
				en,
				Base,
			);
			mainGroup = 8A225F282D0ABC6F008BA92B;
			minimizedProjectReferenceProxies = 1;
			preferredProjectObjectVersion = 77;
			productRefGroup = 8A225F322D0ABC6F008BA92B /* Products */;
			projectDirPath = "";
			projectRoot = "";
			targets = (
				8A225F302D0ABC6F008BA92B /* Next Wave */,
				8A225F402D0ABC70008BA92B /* Next WaveTests */,
				8A225F4A2D0ABC70008BA92B /* Next WaveUITests */,
			);
		};
/* End PBXProject section */

/* Begin PBXResourcesBuildPhase section */
		8A225F2F2D0ABC6F008BA92B /* Resources */ = {
			isa = PBXResourcesBuildPhase;
			buildActionMask = 2147483647;
			files = (
				8AD902EE2D135753004AAC0E /* jack_sparrow.gif in Resources */,
			);
			runOnlyForDeploymentPostprocessing = 0;
		};
		8A225F3F2D0ABC70008BA92B /* Resources */ = {
			isa = PBXResourcesBuildPhase;
			buildActionMask = 2147483647;
			files = (
			);
			runOnlyForDeploymentPostprocessing = 0;
		};
		8A225F492D0ABC70008BA92B /* Resources */ = {
			isa = PBXResourcesBuildPhase;
			buildActionMask = 2147483647;
			files = (
			);
			runOnlyForDeploymentPostprocessing = 0;
		};
/* End PBXResourcesBuildPhase section */

/* Begin PBXSourcesBuildPhase section */
		8A225F2D2D0ABC6F008BA92B /* Sources */ = {
			isa = PBXSourcesBuildPhase;
			buildActionMask = 2147483647;
			files = (
			);
			runOnlyForDeploymentPostprocessing = 0;
		};
		8A225F3D2D0ABC70008BA92B /* Sources */ = {
			isa = PBXSourcesBuildPhase;
			buildActionMask = 2147483647;
			files = (
			);
			runOnlyForDeploymentPostprocessing = 0;
		};
		8A225F472D0ABC70008BA92B /* Sources */ = {
			isa = PBXSourcesBuildPhase;
			buildActionMask = 2147483647;
			files = (
			);
			runOnlyForDeploymentPostprocessing = 0;
		};
/* End PBXSourcesBuildPhase section */

/* Begin PBXTargetDependency section */
		8A225F432D0ABC70008BA92B /* PBXTargetDependency */ = {
			isa = PBXTargetDependency;
			target = 8A225F302D0ABC6F008BA92B /* Next Wave */;
			targetProxy = 8A225F422D0ABC70008BA92B /* PBXContainerItemProxy */;
		};
		8A225F4D2D0ABC70008BA92B /* PBXTargetDependency */ = {
			isa = PBXTargetDependency;
			target = 8A225F302D0ABC6F008BA92B /* Next Wave */;
			targetProxy = 8A225F4C2D0ABC70008BA92B /* PBXContainerItemProxy */;
		};
/* End PBXTargetDependency section */

/* Begin XCBuildConfiguration section */
		8A225F532D0ABC70008BA92B /* Debug */ = {
			isa = XCBuildConfiguration;
			buildSettings = {
				ALWAYS_SEARCH_USER_PATHS = NO;
				ASSETCATALOG_COMPILER_GENERATE_SWIFT_ASSET_SYMBOL_EXTENSIONS = YES;
				CLANG_ANALYZER_NONNULL = YES;
				CLANG_ANALYZER_NUMBER_OBJECT_CONVERSION = YES_AGGRESSIVE;
				CLANG_CXX_LANGUAGE_STANDARD = "gnu++20";
				CLANG_ENABLE_MODULES = YES;
				CLANG_ENABLE_OBJC_ARC = YES;
				CLANG_ENABLE_OBJC_WEAK = YES;
				CLANG_WARN_BLOCK_CAPTURE_AUTORELEASING = YES;
				CLANG_WARN_BOOL_CONVERSION = YES;
				CLANG_WARN_COMMA = YES;
				CLANG_WARN_CONSTANT_CONVERSION = YES;
				CLANG_WARN_DEPRECATED_OBJC_IMPLEMENTATIONS = YES;
				CLANG_WARN_DIRECT_OBJC_ISA_USAGE = YES_ERROR;
				CLANG_WARN_DOCUMENTATION_COMMENTS = YES;
				CLANG_WARN_EMPTY_BODY = YES;
				CLANG_WARN_ENUM_CONVERSION = YES;
				CLANG_WARN_INFINITE_RECURSION = YES;
				CLANG_WARN_INT_CONVERSION = YES;
				CLANG_WARN_NON_LITERAL_NULL_CONVERSION = YES;
				CLANG_WARN_OBJC_IMPLICIT_RETAIN_SELF = YES;
				CLANG_WARN_OBJC_LITERAL_CONVERSION = YES;
				CLANG_WARN_OBJC_ROOT_CLASS = YES_ERROR;
				CLANG_WARN_QUOTED_INCLUDE_IN_FRAMEWORK_HEADER = YES;
				CLANG_WARN_RANGE_LOOP_ANALYSIS = YES;
				CLANG_WARN_STRICT_PROTOTYPES = YES;
				CLANG_WARN_SUSPICIOUS_MOVE = YES;
				CLANG_WARN_UNGUARDED_AVAILABILITY = YES_AGGRESSIVE;
				CLANG_WARN_UNREACHABLE_CODE = YES;
				CLANG_WARN__DUPLICATE_METHOD_MATCH = YES;
				COPY_PHASE_STRIP = NO;
				DEBUG_INFORMATION_FORMAT = dwarf;
				ENABLE_STRICT_OBJC_MSGSEND = YES;
				ENABLE_TESTABILITY = YES;
				ENABLE_USER_SCRIPT_SANDBOXING = YES;
				GCC_C_LANGUAGE_STANDARD = gnu17;
				GCC_DYNAMIC_NO_PIC = NO;
				GCC_NO_COMMON_BLOCKS = YES;
				GCC_OPTIMIZATION_LEVEL = 0;
				GCC_PREPROCESSOR_DEFINITIONS = (
					"DEBUG=1",
					"$(inherited)",
				);
				GCC_WARN_64_TO_32_BIT_CONVERSION = YES;
				GCC_WARN_ABOUT_RETURN_TYPE = YES_ERROR;
				GCC_WARN_UNDECLARED_SELECTOR = YES;
				GCC_WARN_UNINITIALIZED_AUTOS = YES_AGGRESSIVE;
				GCC_WARN_UNUSED_FUNCTION = YES;
				GCC_WARN_UNUSED_VARIABLE = YES;
				IPHONEOS_DEPLOYMENT_TARGET = 18.1;
				LOCALIZATION_PREFERS_STRING_CATALOGS = YES;
				MTL_ENABLE_DEBUG_INFO = INCLUDE_SOURCE;
				MTL_FAST_MATH = YES;
				ONLY_ACTIVE_ARCH = YES;
				SDKROOT = iphoneos;
				SWIFT_ACTIVE_COMPILATION_CONDITIONS = "DEBUG $(inherited)";
				SWIFT_OPTIMIZATION_LEVEL = "-Onone";
			};
			name = Debug;
		};
		8A225F542D0ABC70008BA92B /* Release */ = {
			isa = XCBuildConfiguration;
			buildSettings = {
				ALWAYS_SEARCH_USER_PATHS = NO;
				ASSETCATALOG_COMPILER_GENERATE_SWIFT_ASSET_SYMBOL_EXTENSIONS = YES;
				CLANG_ANALYZER_NONNULL = YES;
				CLANG_ANALYZER_NUMBER_OBJECT_CONVERSION = YES_AGGRESSIVE;
				CLANG_CXX_LANGUAGE_STANDARD = "gnu++20";
				CLANG_ENABLE_MODULES = YES;
				CLANG_ENABLE_OBJC_ARC = YES;
				CLANG_ENABLE_OBJC_WEAK = YES;
				CLANG_WARN_BLOCK_CAPTURE_AUTORELEASING = YES;
				CLANG_WARN_BOOL_CONVERSION = YES;
				CLANG_WARN_COMMA = YES;
				CLANG_WARN_CONSTANT_CONVERSION = YES;
				CLANG_WARN_DEPRECATED_OBJC_IMPLEMENTATIONS = YES;
				CLANG_WARN_DIRECT_OBJC_ISA_USAGE = YES_ERROR;
				CLANG_WARN_DOCUMENTATION_COMMENTS = YES;
				CLANG_WARN_EMPTY_BODY = YES;
				CLANG_WARN_ENUM_CONVERSION = YES;
				CLANG_WARN_INFINITE_RECURSION = YES;
				CLANG_WARN_INT_CONVERSION = YES;
				CLANG_WARN_NON_LITERAL_NULL_CONVERSION = YES;
				CLANG_WARN_OBJC_IMPLICIT_RETAIN_SELF = YES;
				CLANG_WARN_OBJC_LITERAL_CONVERSION = YES;
				CLANG_WARN_OBJC_ROOT_CLASS = YES_ERROR;
				CLANG_WARN_QUOTED_INCLUDE_IN_FRAMEWORK_HEADER = YES;
				CLANG_WARN_RANGE_LOOP_ANALYSIS = YES;
				CLANG_WARN_STRICT_PROTOTYPES = YES;
				CLANG_WARN_SUSPICIOUS_MOVE = YES;
				CLANG_WARN_UNGUARDED_AVAILABILITY = YES_AGGRESSIVE;
				CLANG_WARN_UNREACHABLE_CODE = YES;
				CLANG_WARN__DUPLICATE_METHOD_MATCH = YES;
				COPY_PHASE_STRIP = NO;
				DEBUG_INFORMATION_FORMAT = "dwarf-with-dsym";
				ENABLE_NS_ASSERTIONS = NO;
				ENABLE_STRICT_OBJC_MSGSEND = YES;
				ENABLE_USER_SCRIPT_SANDBOXING = YES;
				GCC_C_LANGUAGE_STANDARD = gnu17;
				GCC_NO_COMMON_BLOCKS = YES;
				GCC_WARN_64_TO_32_BIT_CONVERSION = YES;
				GCC_WARN_ABOUT_RETURN_TYPE = YES_ERROR;
				GCC_WARN_UNDECLARED_SELECTOR = YES;
				GCC_WARN_UNINITIALIZED_AUTOS = YES_AGGRESSIVE;
				GCC_WARN_UNUSED_FUNCTION = YES;
				GCC_WARN_UNUSED_VARIABLE = YES;
				IPHONEOS_DEPLOYMENT_TARGET = 18.1;
				LOCALIZATION_PREFERS_STRING_CATALOGS = YES;
				MTL_ENABLE_DEBUG_INFO = NO;
				MTL_FAST_MATH = YES;
				SDKROOT = iphoneos;
				SWIFT_COMPILATION_MODE = wholemodule;
				VALIDATE_PRODUCT = YES;
			};
			name = Release;
		};
		8A225F562D0ABC70008BA92B /* Debug */ = {
			isa = XCBuildConfiguration;
			buildSettings = {
				ASSETCATALOG_COMPILER_APPICON_NAME = AppIcon;
				ASSETCATALOG_COMPILER_GLOBAL_ACCENT_COLOR_NAME = AccentColor;
				CODE_SIGN_ENTITLEMENTS = "Next Wave/Next Wave.entitlements";
				CODE_SIGN_STYLE = Automatic;
				CURRENT_PROJECT_VERSION = 2;
				DEVELOPMENT_ASSET_PATHS = "\"Next Wave/Preview Content\"";
				DEVELOPMENT_TEAM = CD7648W7NV;
				ENABLE_PREVIEWS = YES;
				GENERATE_INFOPLIST_FILE = YES;
				INFOPLIST_FILE = "Next Wave/Info.plist";
				"INFOPLIST_FILE[sdk=*]" = "Next Wave/Info.plist";
				INFOPLIST_KEY_LSApplicationCategoryType = "public.app-category.sports";
				INFOPLIST_KEY_NSLocationUsageDescription = "Your location is needed to show you the nearest stations.";
				INFOPLIST_KEY_NSLocationWhenInUseUsageDescription = "Next Wave needs your location to find the nearest boat station.";
				INFOPLIST_KEY_UIApplicationSceneManifest_Generation = YES;
				INFOPLIST_KEY_UIApplicationSupportsIndirectInputEvents = YES;
				INFOPLIST_KEY_UILaunchScreen_Generation = YES;
				INFOPLIST_KEY_UIStatusBarStyle = "";
				INFOPLIST_KEY_UISupportedInterfaceOrientations = "UIInterfaceOrientationLandscapeLeft UIInterfaceOrientationLandscapeRight UIInterfaceOrientationPortrait";
				INFOPLIST_KEY_UISupportedInterfaceOrientations_iPad = "UIInterfaceOrientationLandscapeLeft UIInterfaceOrientationLandscapeRight UIInterfaceOrientationPortrait UIInterfaceOrientationPortraitUpsideDown";
				IPHONEOS_DEPLOYMENT_TARGET = 17.6;
				LD_RUNPATH_SEARCH_PATHS = (
					"$(inherited)",
					"@executable_path/Frameworks",
				);
				MARKETING_VERSION = 2.7.2;
				PRODUCT_BUNDLE_IDENTIFIER = "com.federi.Next-Wave";
				PRODUCT_NAME = "$(TARGET_NAME)";
				REGISTER_APP_GROUPS = NO;
				SUPPORTED_PLATFORMS = "iphoneos iphonesimulator";
				SUPPORTS_MACCATALYST = NO;
				SUPPORTS_MAC_DESIGNED_FOR_IPHONE_IPAD = NO;
				SUPPORTS_XR_DESIGNED_FOR_IPHONE_IPAD = NO;
				SWIFT_EMIT_LOC_STRINGS = YES;
				SWIFT_VERSION = 5.0;
				TARGETED_DEVICE_FAMILY = "1,2";
			};
			name = Debug;
		};
		8A225F572D0ABC70008BA92B /* Release */ = {
			isa = XCBuildConfiguration;
			buildSettings = {
				ASSETCATALOG_COMPILER_APPICON_NAME = AppIcon;
				ASSETCATALOG_COMPILER_GLOBAL_ACCENT_COLOR_NAME = AccentColor;
				CODE_SIGN_ENTITLEMENTS = "Next Wave/Next Wave.entitlements";
				CODE_SIGN_STYLE = Automatic;
				CURRENT_PROJECT_VERSION = 2;
				DEVELOPMENT_ASSET_PATHS = "\"Next Wave/Preview Content\"";
				DEVELOPMENT_TEAM = CD7648W7NV;
				ENABLE_PREVIEWS = YES;
				GENERATE_INFOPLIST_FILE = YES;
				INFOPLIST_FILE = "Next Wave/Info.plist";
				INFOPLIST_KEY_LSApplicationCategoryType = "public.app-category.sports";
				INFOPLIST_KEY_NSLocationUsageDescription = "Your location is needed to show you the nearest stations.";
				INFOPLIST_KEY_NSLocationWhenInUseUsageDescription = "Next Wave needs your location to find the nearest boat station.";
				INFOPLIST_KEY_UIApplicationSceneManifest_Generation = YES;
				INFOPLIST_KEY_UIApplicationSupportsIndirectInputEvents = YES;
				INFOPLIST_KEY_UILaunchScreen_Generation = YES;
				INFOPLIST_KEY_UIStatusBarStyle = "";
				INFOPLIST_KEY_UISupportedInterfaceOrientations = "UIInterfaceOrientationLandscapeLeft UIInterfaceOrientationLandscapeRight UIInterfaceOrientationPortrait";
				INFOPLIST_KEY_UISupportedInterfaceOrientations_iPad = "UIInterfaceOrientationLandscapeLeft UIInterfaceOrientationLandscapeRight UIInterfaceOrientationPortrait UIInterfaceOrientationPortraitUpsideDown";
				IPHONEOS_DEPLOYMENT_TARGET = 17.6;
				LD_RUNPATH_SEARCH_PATHS = (
					"$(inherited)",
					"@executable_path/Frameworks",
				);
				MARKETING_VERSION = 2.7.2;
				PRODUCT_BUNDLE_IDENTIFIER = "com.federi.Next-Wave";
				PRODUCT_NAME = "$(TARGET_NAME)";
				REGISTER_APP_GROUPS = NO;
				SUPPORTED_PLATFORMS = "iphoneos iphonesimulator";
				SUPPORTS_MACCATALYST = NO;
				SUPPORTS_MAC_DESIGNED_FOR_IPHONE_IPAD = NO;
				SUPPORTS_XR_DESIGNED_FOR_IPHONE_IPAD = NO;
				SWIFT_EMIT_LOC_STRINGS = YES;
				SWIFT_VERSION = 5.0;
				TARGETED_DEVICE_FAMILY = "1,2";
			};
			name = Release;
		};
		8A225F592D0ABC70008BA92B /* Debug */ = {
			isa = XCBuildConfiguration;
			buildSettings = {
				BUNDLE_LOADER = "$(TEST_HOST)";
				CODE_SIGN_STYLE = Automatic;
				CURRENT_PROJECT_VERSION = 1;
				DEVELOPMENT_TEAM = CD7648W7NV;
				GENERATE_INFOPLIST_FILE = YES;
				IPHONEOS_DEPLOYMENT_TARGET = 18.1;
				MARKETING_VERSION = 1.0;
				PRODUCT_BUNDLE_IDENTIFIER = "com.federi.Next-WaveTests";
				PRODUCT_NAME = "$(TARGET_NAME)";
				SWIFT_EMIT_LOC_STRINGS = NO;
				SWIFT_VERSION = 5.0;
				TARGETED_DEVICE_FAMILY = "1,2";
				TEST_HOST = "$(BUILT_PRODUCTS_DIR)/Next Wave.app/$(BUNDLE_EXECUTABLE_FOLDER_PATH)/Next Wave";
			};
			name = Debug;
		};
		8A225F5A2D0ABC70008BA92B /* Release */ = {
			isa = XCBuildConfiguration;
			buildSettings = {
				BUNDLE_LOADER = "$(TEST_HOST)";
				CODE_SIGN_STYLE = Automatic;
				CURRENT_PROJECT_VERSION = 1;
				DEVELOPMENT_TEAM = CD7648W7NV;
				GENERATE_INFOPLIST_FILE = YES;
				IPHONEOS_DEPLOYMENT_TARGET = 18.1;
				MARKETING_VERSION = 1.0;
				PRODUCT_BUNDLE_IDENTIFIER = "com.federi.Next-WaveTests";
				PRODUCT_NAME = "$(TARGET_NAME)";
				SWIFT_EMIT_LOC_STRINGS = NO;
				SWIFT_VERSION = 5.0;
				TARGETED_DEVICE_FAMILY = "1,2";
				TEST_HOST = "$(BUILT_PRODUCTS_DIR)/Next Wave.app/$(BUNDLE_EXECUTABLE_FOLDER_PATH)/Next Wave";
			};
			name = Release;
		};
		8A225F5C2D0ABC70008BA92B /* Debug */ = {
			isa = XCBuildConfiguration;
			buildSettings = {
				CODE_SIGN_STYLE = Automatic;
				CURRENT_PROJECT_VERSION = 1;
				DEVELOPMENT_TEAM = CD7648W7NV;
				GENERATE_INFOPLIST_FILE = YES;
				MARKETING_VERSION = 1.0;
				PRODUCT_BUNDLE_IDENTIFIER = "com.federi.Next-WaveUITests";
				PRODUCT_NAME = "$(TARGET_NAME)";
				SWIFT_EMIT_LOC_STRINGS = NO;
				SWIFT_VERSION = 5.0;
				TARGETED_DEVICE_FAMILY = "1,2";
				TEST_TARGET_NAME = "Next Wave";
			};
			name = Debug;
		};
		8A225F5D2D0ABC70008BA92B /* Release */ = {
			isa = XCBuildConfiguration;
			buildSettings = {
				CODE_SIGN_STYLE = Automatic;
				CURRENT_PROJECT_VERSION = 1;
				DEVELOPMENT_TEAM = CD7648W7NV;
				GENERATE_INFOPLIST_FILE = YES;
				MARKETING_VERSION = 1.0;
				PRODUCT_BUNDLE_IDENTIFIER = "com.federi.Next-WaveUITests";
				PRODUCT_NAME = "$(TARGET_NAME)";
				SWIFT_EMIT_LOC_STRINGS = NO;
				SWIFT_VERSION = 5.0;
				TARGETED_DEVICE_FAMILY = "1,2";
				TEST_TARGET_NAME = "Next Wave";
			};
			name = Release;
		};
/* End XCBuildConfiguration section */

/* Begin XCConfigurationList section */
		8A225F2C2D0ABC6F008BA92B /* Build configuration list for PBXProject "Next Wave" */ = {
			isa = XCConfigurationList;
			buildConfigurations = (
				8A225F532D0ABC70008BA92B /* Debug */,
				8A225F542D0ABC70008BA92B /* Release */,
			);
			defaultConfigurationIsVisible = 0;
			defaultConfigurationName = Release;
		};
		8A225F552D0ABC70008BA92B /* Build configuration list for PBXNativeTarget "Next Wave" */ = {
			isa = XCConfigurationList;
			buildConfigurations = (
				8A225F562D0ABC70008BA92B /* Debug */,
				8A225F572D0ABC70008BA92B /* Release */,
			);
			defaultConfigurationIsVisible = 0;
			defaultConfigurationName = Release;
		};
		8A225F582D0ABC70008BA92B /* Build configuration list for PBXNativeTarget "Next WaveTests" */ = {
			isa = XCConfigurationList;
			buildConfigurations = (
				8A225F592D0ABC70008BA92B /* Debug */,
				8A225F5A2D0ABC70008BA92B /* Release */,
			);
			defaultConfigurationIsVisible = 0;
			defaultConfigurationName = Release;
		};
		8A225F5B2D0ABC70008BA92B /* Build configuration list for PBXNativeTarget "Next WaveUITests" */ = {
			isa = XCConfigurationList;
			buildConfigurations = (
				8A225F5C2D0ABC70008BA92B /* Debug */,
				8A225F5D2D0ABC70008BA92B /* Release */,
			);
			defaultConfigurationIsVisible = 0;
			defaultConfigurationName = Release;
		};
/* End XCConfigurationList section */
	};
	rootObject = 8A225F292D0ABC6F008BA92B /* Project object */;
}
