// !$*UTF8*$!
{
	archiveVersion = 1;
	classes = {
	};
	objectVersion = 77;
	objects = {

/* Begin PBXBuildFile section */
		8A5C5B002DF0CFD500569B58 /* WidgetKit.framework in Frameworks */ = {isa = PBXBuildFile; fileRef = 8A8B5B272DEF4195006C5A78 /* WidgetKit.framework */; };
		8A5C5B012DF0CFD500569B58 /* SwiftUI.framework in Frameworks */ = {isa = PBXBuildFile; fileRef = 8A8B5B292DEF4195006C5A78 /* SwiftUI.framework */; };
		8A5C5B0A2DF0CFD600569B58 /* NextWaveWidgetExtension.appex in Embed Foundation Extensions */ = {isa = PBXBuildFile; fileRef = 8A5C5AFF2DF0CFD500569B58 /* NextWaveWidgetExtension.appex */; settings = {ATTRIBUTES = (RemoveHeadersOnCopy, ); }; };
		8AAE38CB2DEF48870053668D /* Next Wave Watch Watch App.app in Embed Watch Content */ = {isa = PBXBuildFile; fileRef = 8AAE38C12DEF48860053668D /* Next Wave Watch Watch App.app */; settings = {ATTRIBUTES = (RemoveHeadersOnCopy, ); }; };
		8AD40C442DFB4A7900FF448A /* NextWaveWatchWidgetExtension.swift in Sources */ = {isa = PBXBuildFile; fileRef = 8AD40C422DFB4A7900FF448A /* NextWaveWatchWidgetExtension.swift */; };
		8AFF99642DFB163800F3E1FB /* WidgetKit.framework in Frameworks */ = {isa = PBXBuildFile; fileRef = 8A8B5B272DEF4195006C5A78 /* WidgetKit.framework */; };
		8AFF99652DFB163800F3E1FB /* SwiftUI.framework in Frameworks */ = {isa = PBXBuildFile; fileRef = 8A8B5B292DEF4195006C5A78 /* SwiftUI.framework */; };
		8AFF996E2DFB163900F3E1FB /* NextWaveWatchWidgetExtensionExtension.appex in Embed Foundation Extensions */ = {isa = PBXBuildFile; fileRef = 8AFF99632DFB163800F3E1FB /* NextWaveWatchWidgetExtensionExtension.appex */; settings = {ATTRIBUTES = (RemoveHeadersOnCopy, ); }; };
/* End PBXBuildFile section */

/* Begin PBXContainerItemProxy section */
		8A225F422D0ABC70008BA92B /* PBXContainerItemProxy */ = {
			isa = PBXContainerItemProxy;
			containerPortal = 8A225F292D0ABC6F008BA92B /* Project object */;
			proxyType = 1;
			remoteGlobalIDString = 8A225F302D0ABC6F008BA92B;
			remoteInfo = "Next Wave";
		};
		8A225F4C2D0ABC70008BA92B /* PBXContainerItemProxy */ = {
			isa = PBXContainerItemProxy;
			containerPortal = 8A225F292D0ABC6F008BA92B /* Project object */;
			proxyType = 1;
			remoteGlobalIDString = 8A225F302D0ABC6F008BA92B;
			remoteInfo = "Next Wave";
		};
		8A5C5B082DF0CFD600569B58 /* PBXContainerItemProxy */ = {
			isa = PBXContainerItemProxy;
			containerPortal = 8A225F292D0ABC6F008BA92B /* Project object */;
			proxyType = 1;
			remoteGlobalIDString = 8A5C5AFE2DF0CFD500569B58;
			remoteInfo = NextWaveWidgetExtension;
		};
		8AAE38C92DEF48870053668D /* PBXContainerItemProxy */ = {
			isa = PBXContainerItemProxy;
			containerPortal = 8A225F292D0ABC6F008BA92B /* Project object */;
			proxyType = 1;
			remoteGlobalIDString = 8AAE38C02DEF48860053668D;
			remoteInfo = "Next Wave Watch Watch App";
		};
		8AFF996C2DFB163900F3E1FB /* PBXContainerItemProxy */ = {
			isa = PBXContainerItemProxy;
			containerPortal = 8A225F292D0ABC6F008BA92B /* Project object */;
			proxyType = 1;
			remoteGlobalIDString = 8AFF99622DFB163800F3E1FB;
			remoteInfo = NextWaveWatchWidgetExtensionExtension;
		};
		8AFF99762DFB1C8C00F3E1FB /* PBXContainerItemProxy */ = {
			isa = PBXContainerItemProxy;
			containerPortal = 8A225F292D0ABC6F008BA92B /* Project object */;
			proxyType = 1;
			remoteGlobalIDString = 8AFF99622DFB163800F3E1FB;
			remoteInfo = NextWaveWatchWidgetExtensionExtension;
		};
/* End PBXContainerItemProxy section */

/* Begin PBXCopyFilesBuildPhase section */
		8A5C5B0F2DF0CFD600569B58 /* Embed Foundation Extensions */ = {
			isa = PBXCopyFilesBuildPhase;
			buildActionMask = 2147483647;
			dstPath = "";
			dstSubfolderSpec = 13;
			files = (
				8A5C5B0A2DF0CFD600569B58 /* NextWaveWidgetExtension.appex in Embed Foundation Extensions */,
			);
			name = "Embed Foundation Extensions";
			runOnlyForDeploymentPostprocessing = 0;
		};
		8AAE38CF2DEF48870053668D /* Embed Watch Content */ = {
			isa = PBXCopyFilesBuildPhase;
			buildActionMask = 2147483647;
			dstPath = "$(CONTENTS_FOLDER_PATH)/Watch";
			dstSubfolderSpec = 16;
			files = (
				8AAE38CB2DEF48870053668D /* Next Wave Watch Watch App.app in Embed Watch Content */,
			);
			name = "Embed Watch Content";
			runOnlyForDeploymentPostprocessing = 0;
		};
		8AFF99582DFB00C500F3E1FB /* Embed Foundation Extensions */ = {
			isa = PBXCopyFilesBuildPhase;
			buildActionMask = 2147483647;
			dstPath = "";
			dstSubfolderSpec = 13;
			files = (
				8AFF996E2DFB163900F3E1FB /* NextWaveWatchWidgetExtensionExtension.appex in Embed Foundation Extensions */,
			);
			name = "Embed Foundation Extensions";
			runOnlyForDeploymentPostprocessing = 0;
		};
/* End PBXCopyFilesBuildPhase section */

/* Begin PBXFileReference section */
		8A225F312D0ABC6F008BA92B /* Next Wave.app */ = {isa = PBXFileReference; explicitFileType = wrapper.application; includeInIndex = 0; path = "Next Wave.app"; sourceTree = BUILT_PRODUCTS_DIR; };
		8A225F412D0ABC70008BA92B /* Next WaveTests.xctest */ = {isa = PBXFileReference; explicitFileType = wrapper.cfbundle; includeInIndex = 0; path = "Next WaveTests.xctest"; sourceTree = BUILT_PRODUCTS_DIR; };
		8A225F4B2D0ABC70008BA92B /* Next WaveUITests.xctest */ = {isa = PBXFileReference; explicitFileType = wrapper.cfbundle; includeInIndex = 0; path = "Next WaveUITests.xctest"; sourceTree = BUILT_PRODUCTS_DIR; };
		8A5C5AFF2DF0CFD500569B58 /* NextWaveWidgetExtension.appex */ = {isa = PBXFileReference; explicitFileType = "wrapper.app-extension"; includeInIndex = 0; path = NextWaveWidgetExtension.appex; sourceTree = BUILT_PRODUCTS_DIR; };
		8A5C5B162DF0D13100569B58 /* NextWaveWidgetExtension.entitlements */ = {isa = PBXFileReference; lastKnownFileType = text.plist.entitlements; path = NextWaveWidgetExtension.entitlements; sourceTree = "<group>"; };
		8A8B5B272DEF4195006C5A78 /* WidgetKit.framework */ = {isa = PBXFileReference; lastKnownFileType = wrapper.framework; name = WidgetKit.framework; path = System/Library/Frameworks/WidgetKit.framework; sourceTree = SDKROOT; };
		8A8B5B292DEF4195006C5A78 /* SwiftUI.framework */ = {isa = PBXFileReference; lastKnownFileType = wrapper.framework; name = SwiftUI.framework; path = System/Library/Frameworks/SwiftUI.framework; sourceTree = SDKROOT; };
		8AAE38C12DEF48860053668D /* Next Wave Watch Watch App.app */ = {isa = PBXFileReference; explicitFileType = wrapper.application; includeInIndex = 0; path = "Next Wave Watch Watch App.app"; sourceTree = BUILT_PRODUCTS_DIR; };
		8AD40C412DFB4A7900FF448A /* Info.plist */ = {isa = PBXFileReference; lastKnownFileType = text.plist.xml; path = Info.plist; sourceTree = "<group>"; };
		8AD40C422DFB4A7900FF448A /* NextWaveWatchWidgetExtension.swift */ = {isa = PBXFileReference; lastKnownFileType = sourcecode.swift; path = NextWaveWatchWidgetExtension.swift; sourceTree = "<group>"; };
		8AFF99632DFB163800F3E1FB /* NextWaveWatchWidgetExtensionExtension.appex */ = {isa = PBXFileReference; explicitFileType = "wrapper.app-extension"; includeInIndex = 0; path = NextWaveWatchWidgetExtensionExtension.appex; sourceTree = BUILT_PRODUCTS_DIR; };
		8AFF99752DFB1ACC00F3E1FB /* NextWaveWatchWidgetExtensionExtension.entitlements */ = {isa = PBXFileReference; lastKnownFileType = text.plist.entitlements; path = NextWaveWatchWidgetExtensionExtension.entitlements; sourceTree = "<group>"; };
/* End PBXFileReference section */

/* Begin PBXFileSystemSynchronizedBuildFileExceptionSet section */
		8A5C5B0E2DF0CFD600569B58 /* Exceptions for "NextWaveWidget" folder in "NextWaveWidgetExtension" target */ = {
			isa = PBXFileSystemSynchronizedBuildFileExceptionSet;
			membershipExceptions = (
				Info.plist,
			);
			target = 8A5C5AFE2DF0CFD500569B58 /* NextWaveWidgetExtension */;
		};
		8A92C6AA2D27E7580018563D /* Exceptions for "Next Wave" folder in "Next Wave" target */ = {
			isa = PBXFileSystemSynchronizedBuildFileExceptionSet;
			membershipExceptions = (
				Info.plist,
			);
			target = 8A225F302D0ABC6F008BA92B /* Next Wave */;
		};
/* End PBXFileSystemSynchronizedBuildFileExceptionSet section */

/* Begin PBXFileSystemSynchronizedRootGroup section */
		8A225F332D0ABC6F008BA92B /* Next Wave */ = {
			isa = PBXFileSystemSynchronizedRootGroup;
			exceptions = (
				8A92C6AA2D27E7580018563D /* Exceptions for "Next Wave" folder in "Next Wave" target */,
			);
			path = "Next Wave";
			sourceTree = "<group>";
		};
		8A225F442D0ABC70008BA92B /* Next WaveTests */ = {
			isa = PBXFileSystemSynchronizedRootGroup;
			path = "Next WaveTests";
			sourceTree = "<group>";
		};
		8A225F4E2D0ABC70008BA92B /* Next WaveUITests */ = {
			isa = PBXFileSystemSynchronizedRootGroup;
			path = "Next WaveUITests";
			sourceTree = "<group>";
		};
		8A5C5B022DF0CFD500569B58 /* NextWaveWidget */ = {
			isa = PBXFileSystemSynchronizedRootGroup;
			exceptions = (
				8A5C5B0E2DF0CFD600569B58 /* Exceptions for "NextWaveWidget" folder in "NextWaveWidgetExtension" target */,
			);
			path = NextWaveWidget;
			sourceTree = "<group>";
		};
		8A6C289C2D15F67600F0A5A9 /* soundfiles */ = {
			isa = PBXFileSystemSynchronizedRootGroup;
			path = soundfiles;
			sourceTree = "<group>";
		};
		8AAE38C22DEF48860053668D /* Next Wave Watch Watch App */ = {
			isa = PBXFileSystemSynchronizedRootGroup;
			path = "Next Wave Watch Watch App";
			sourceTree = "<group>";
		};
/* End PBXFileSystemSynchronizedRootGroup section */

/* Begin PBXFrameworksBuildPhase section */
		8A225F2E2D0ABC6F008BA92B /* Frameworks */ = {
			isa = PBXFrameworksBuildPhase;
			buildActionMask = 2147483647;
			files = (
			);
			runOnlyForDeploymentPostprocessing = 0;
		};
		8A225F3E2D0ABC70008BA92B /* Frameworks */ = {
			isa = PBXFrameworksBuildPhase;
			buildActionMask = 2147483647;
			files = (
			);
			runOnlyForDeploymentPostprocessing = 0;
		};
		8A225F482D0ABC70008BA92B /* Frameworks */ = {
			isa = PBXFrameworksBuildPhase;
			buildActionMask = 2147483647;
			files = (
			);
			runOnlyForDeploymentPostprocessing = 0;
		};
		8A5C5AFC2DF0CFD500569B58 /* Frameworks */ = {
			isa = PBXFrameworksBuildPhase;
			buildActionMask = 2147483647;
			files = (
				8A5C5B012DF0CFD500569B58 /* SwiftUI.framework in Frameworks */,
				8A5C5B002DF0CFD500569B58 /* WidgetKit.framework in Frameworks */,
			);
			runOnlyForDeploymentPostprocessing = 0;
		};
		8AAE38BE2DEF48860053668D /* Frameworks */ = {
			isa = PBXFrameworksBuildPhase;
			buildActionMask = 2147483647;
			files = (
			);
			runOnlyForDeploymentPostprocessing = 0;
		};
		8AFF99602DFB163800F3E1FB /* Frameworks */ = {
			isa = PBXFrameworksBuildPhase;
			buildActionMask = 2147483647;
			files = (
				8AFF99652DFB163800F3E1FB /* SwiftUI.framework in Frameworks */,
				8AFF99642DFB163800F3E1FB /* WidgetKit.framework in Frameworks */,
			);
			runOnlyForDeploymentPostprocessing = 0;
		};
/* End PBXFrameworksBuildPhase section */

/* Begin PBXGroup section */
		8A225F282D0ABC6F008BA92B = {
			isa = PBXGroup;
			children = (
				8AFF99752DFB1ACC00F3E1FB /* NextWaveWatchWidgetExtensionExtension.entitlements */,
				8A5C5B162DF0D13100569B58 /* NextWaveWidgetExtension.entitlements */,
				8A225F332D0ABC6F008BA92B /* Next Wave */,
				8A225F442D0ABC70008BA92B /* Next WaveTests */,
				8A225F4E2D0ABC70008BA92B /* Next WaveUITests */,
				8AAE38C22DEF48860053668D /* Next Wave Watch Watch App */,
				8A5C5B022DF0CFD500569B58 /* NextWaveWidget */,
				8A8B5B262DEF4195006C5A78 /* Frameworks */,
				8A225F322D0ABC6F008BA92B /* Products */,
				8A6C289C2D15F67600F0A5A9 /* soundfiles */,
				8AD40C432DFB4A7900FF448A /* NextWaveWatchWidgetExtension */,
			);
			sourceTree = "<group>";
		};
		8A225F322D0ABC6F008BA92B /* Products */ = {
			isa = PBXGroup;
			children = (
				8A225F312D0ABC6F008BA92B /* Next Wave.app */,
				8A225F412D0ABC70008BA92B /* Next WaveTests.xctest */,
				8A225F4B2D0ABC70008BA92B /* Next WaveUITests.xctest */,
				8AAE38C12DEF48860053668D /* Next Wave Watch Watch App.app */,
				8A5C5AFF2DF0CFD500569B58 /* NextWaveWidgetExtension.appex */,
				8AFF99632DFB163800F3E1FB /* NextWaveWatchWidgetExtensionExtension.appex */,
			);
			name = Products;
			sourceTree = "<group>";
		};
		8A8B5B262DEF4195006C5A78 /* Frameworks */ = {
			isa = PBXGroup;
			children = (
				8A8B5B272DEF4195006C5A78 /* WidgetKit.framework */,
				8A8B5B292DEF4195006C5A78 /* SwiftUI.framework */,
			);
			name = Frameworks;
			sourceTree = "<group>";
		};
		8AD40C432DFB4A7900FF448A /* NextWaveWatchWidgetExtension */ = {
			isa = PBXGroup;
			children = (
				8AD40C412DFB4A7900FF448A /* Info.plist */,
				8AD40C422DFB4A7900FF448A /* NextWaveWatchWidgetExtension.swift */,
			);
			path = NextWaveWatchWidgetExtension;
			sourceTree = "<group>";
		};
/* End PBXGroup section */

/* Begin PBXNativeTarget section */
		8A225F302D0ABC6F008BA92B /* Next Wave */ = {
			isa = PBXNativeTarget;
			buildConfigurationList = 8A225F552D0ABC70008BA92B /* Build configuration list for PBXNativeTarget "Next Wave" */;
			buildPhases = (
				8A225F2D2D0ABC6F008BA92B /* Sources */,
				8A225F2E2D0ABC6F008BA92B /* Frameworks */,
				8A225F2F2D0ABC6F008BA92B /* Resources */,
				8AAE38CF2DEF48870053668D /* Embed Watch Content */,
				8A5C5B0F2DF0CFD600569B58 /* Embed Foundation Extensions */,
			);
			buildRules = (
			);
			dependencies = (
				8AAE38CA2DEF48870053668D /* PBXTargetDependency */,
				8A5C5B092DF0CFD600569B58 /* PBXTargetDependency */,
			);
			fileSystemSynchronizedGroups = (
				8A225F332D0ABC6F008BA92B /* Next Wave */,
				8A6C289C2D15F67600F0A5A9 /* soundfiles */,
			);
			name = "Next Wave";
			packageProductDependencies = (
			);
			productName = "Next Wave";
			productReference = 8A225F312D0ABC6F008BA92B /* Next Wave.app */;
			productType = "com.apple.product-type.application";
		};
		8A225F402D0ABC70008BA92B /* Next WaveTests */ = {
			isa = PBXNativeTarget;
			buildConfigurationList = 8A225F582D0ABC70008BA92B /* Build configuration list for PBXNativeTarget "Next WaveTests" */;
			buildPhases = (
				8A225F3D2D0ABC70008BA92B /* Sources */,
				8A225F3E2D0ABC70008BA92B /* Frameworks */,
				8A225F3F2D0ABC70008BA92B /* Resources */,
			);
			buildRules = (
			);
			dependencies = (
				8A225F432D0ABC70008BA92B /* PBXTargetDependency */,
			);
			fileSystemSynchronizedGroups = (
				8A225F442D0ABC70008BA92B /* Next WaveTests */,
			);
			name = "Next WaveTests";
			packageProductDependencies = (
			);
			productName = "Next WaveTests";
			productReference = 8A225F412D0ABC70008BA92B /* Next WaveTests.xctest */;
			productType = "com.apple.product-type.bundle.unit-test";
		};
		8A225F4A2D0ABC70008BA92B /* Next WaveUITests */ = {
			isa = PBXNativeTarget;
			buildConfigurationList = 8A225F5B2D0ABC70008BA92B /* Build configuration list for PBXNativeTarget "Next WaveUITests" */;
			buildPhases = (
				8A225F472D0ABC70008BA92B /* Sources */,
				8A225F482D0ABC70008BA92B /* Frameworks */,
				8A225F492D0ABC70008BA92B /* Resources */,
			);
			buildRules = (
			);
			dependencies = (
				8A225F4D2D0ABC70008BA92B /* PBXTargetDependency */,
			);
			fileSystemSynchronizedGroups = (
				8A225F4E2D0ABC70008BA92B /* Next WaveUITests */,
			);
			name = "Next WaveUITests";
			packageProductDependencies = (
			);
			productName = "Next WaveUITests";
			productReference = 8A225F4B2D0ABC70008BA92B /* Next WaveUITests.xctest */;
			productType = "com.apple.product-type.bundle.ui-testing";
		};
		8A5C5AFE2DF0CFD500569B58 /* NextWaveWidgetExtension */ = {
			isa = PBXNativeTarget;
			buildConfigurationList = 8A5C5B0B2DF0CFD600569B58 /* Build configuration list for PBXNativeTarget "NextWaveWidgetExtension" */;
			buildPhases = (
				8A5C5AFB2DF0CFD500569B58 /* Sources */,
				8A5C5AFC2DF0CFD500569B58 /* Frameworks */,
				8A5C5AFD2DF0CFD500569B58 /* Resources */,
			);
			buildRules = (
			);
			dependencies = (
			);
			fileSystemSynchronizedGroups = (
				8A5C5B022DF0CFD500569B58 /* NextWaveWidget */,
			);
			name = NextWaveWidgetExtension;
			packageProductDependencies = (
			);
			productName = NextWaveWidgetExtension;
			productReference = 8A5C5AFF2DF0CFD500569B58 /* NextWaveWidgetExtension.appex */;
			productType = "com.apple.product-type.app-extension";
		};
		8AAE38C02DEF48860053668D /* Next Wave Watch Watch App */ = {
			isa = PBXNativeTarget;
			buildConfigurationList = 8AAE38CC2DEF48870053668D /* Build configuration list for PBXNativeTarget "Next Wave Watch Watch App" */;
			buildPhases = (
				8AAE38BD2DEF48860053668D /* Sources */,
				8AAE38BE2DEF48860053668D /* Frameworks */,
				8AAE38BF2DEF48860053668D /* Resources */,
				8AFF99582DFB00C500F3E1FB /* Embed Foundation Extensions */,
			);
			buildRules = (
			);
			dependencies = (
				8AFF996D2DFB163900F3E1FB /* PBXTargetDependency */,
				8AFF99772DFB1C8C00F3E1FB /* PBXTargetDependency */,
			);
			fileSystemSynchronizedGroups = (
				8AAE38C22DEF48860053668D /* Next Wave Watch Watch App */,
			);
			name = "Next Wave Watch Watch App";
			packageProductDependencies = (
			);
			productName = "Next Wave Watch Watch App";
			productReference = 8AAE38C12DEF48860053668D /* Next Wave Watch Watch App.app */;
			productType = "com.apple.product-type.application";
		};
		8AFF99622DFB163800F3E1FB /* NextWaveWatchWidgetExtensionExtension */ = {
			isa = PBXNativeTarget;
			buildConfigurationList = 8AFF996F2DFB163900F3E1FB /* Build configuration list for PBXNativeTarget "NextWaveWatchWidgetExtensionExtension" */;
			buildPhases = (
				8AFF995F2DFB163800F3E1FB /* Sources */,
				8AFF99602DFB163800F3E1FB /* Frameworks */,
				8AFF99612DFB163800F3E1FB /* Resources */,
			);
			buildRules = (
			);
			dependencies = (
			);
			name = NextWaveWatchWidgetExtensionExtension;
			packageProductDependencies = (
			);
			productName = NextWaveWatchWidgetExtensionExtension;
			productReference = 8AFF99632DFB163800F3E1FB /* NextWaveWatchWidgetExtensionExtension.appex */;
			productType = "com.apple.product-type.app-extension";
		};
/* End PBXNativeTarget section */

/* Begin PBXProject section */
		8A225F292D0ABC6F008BA92B /* Project object */ = {
			isa = PBXProject;
			attributes = {
				BuildIndependentTargetsInParallel = 1;
				LastSwiftUpdateCheck = 1640;
				LastUpgradeCheck = 2600;
				TargetAttributes = {
					8A225F302D0ABC6F008BA92B = {
						CreatedOnToolsVersion = 16.1;
					};
					8A225F402D0ABC70008BA92B = {
						CreatedOnToolsVersion = 16.1;
						TestTargetID = 8A225F302D0ABC6F008BA92B;
					};
					8A225F4A2D0ABC70008BA92B = {
						CreatedOnToolsVersion = 16.1;
						LastSwiftMigration = 2600;
						TestTargetID = 8A225F302D0ABC6F008BA92B;
					};
					8A5C5AFE2DF0CFD500569B58 = {
						CreatedOnToolsVersion = 16.4;
					};
					8AAE38C02DEF48860053668D = {
						CreatedOnToolsVersion = 16.4;
					};
					8AFF99622DFB163800F3E1FB = {
						CreatedOnToolsVersion = 16.4;
					};
				};
			};
			buildConfigurationList = 8A225F2C2D0ABC6F008BA92B /* Build configuration list for PBXProject "NextWave" */;
			developmentRegion = en;
			hasScannedForEncodings = 0;
			knownRegions = (
				en,
				Base,
			);
			mainGroup = 8A225F282D0ABC6F008BA92B;
			minimizedProjectReferenceProxies = 1;
			preferredProjectObjectVersion = 77;
			productRefGroup = 8A225F322D0ABC6F008BA92B /* Products */;
			projectDirPath = "";
			projectRoot = "";
			targets = (
				8A225F302D0ABC6F008BA92B /* Next Wave */,
				8A225F402D0ABC70008BA92B /* Next WaveTests */,
				8A225F4A2D0ABC70008BA92B /* Next WaveUITests */,
				8AAE38C02DEF48860053668D /* Next Wave Watch Watch App */,
				8A5C5AFE2DF0CFD500569B58 /* NextWaveWidgetExtension */,
				8AFF99622DFB163800F3E1FB /* NextWaveWatchWidgetExtensionExtension */,
			);
		};
/* End PBXProject section */

/* Begin PBXResourcesBuildPhase section */
		8A225F2F2D0ABC6F008BA92B /* Resources */ = {
			isa = PBXResourcesBuildPhase;
			buildActionMask = 2147483647;
			files = (
			);
			runOnlyForDeploymentPostprocessing = 0;
		};
		8A225F3F2D0ABC70008BA92B /* Resources */ = {
			isa = PBXResourcesBuildPhase;
			buildActionMask = 2147483647;
			files = (
			);
			runOnlyForDeploymentPostprocessing = 0;
		};
		8A225F492D0ABC70008BA92B /* Resources */ = {
			isa = PBXResourcesBuildPhase;
			buildActionMask = 2147483647;
			files = (
			);
			runOnlyForDeploymentPostprocessing = 0;
		};
		8A5C5AFD2DF0CFD500569B58 /* Resources */ = {
			isa = PBXResourcesBuildPhase;
			buildActionMask = 2147483647;
			files = (
			);
			runOnlyForDeploymentPostprocessing = 0;
		};
		8AAE38BF2DEF48860053668D /* Resources */ = {
			isa = PBXResourcesBuildPhase;
			buildActionMask = 2147483647;
			files = (
			);
			runOnlyForDeploymentPostprocessing = 0;
		};
		8AFF99612DFB163800F3E1FB /* Resources */ = {
			isa = PBXResourcesBuildPhase;
			buildActionMask = 2147483647;
			files = (
			);
			runOnlyForDeploymentPostprocessing = 0;
		};
/* End PBXResourcesBuildPhase section */

/* Begin PBXSourcesBuildPhase section */
		8A225F2D2D0ABC6F008BA92B /* Sources */ = {
			isa = PBXSourcesBuildPhase;
			buildActionMask = 2147483647;
			files = (
			);
			runOnlyForDeploymentPostprocessing = 0;
		};
		8A225F3D2D0ABC70008BA92B /* Sources */ = {
			isa = PBXSourcesBuildPhase;
			buildActionMask = 2147483647;
			files = (
			);
			runOnlyForDeploymentPostprocessing = 0;
		};
		8A225F472D0ABC70008BA92B /* Sources */ = {
			isa = PBXSourcesBuildPhase;
			buildActionMask = 2147483647;
			files = (
			);
			runOnlyForDeploymentPostprocessing = 0;
		};
		8A5C5AFB2DF0CFD500569B58 /* Sources */ = {
			isa = PBXSourcesBuildPhase;
			buildActionMask = 2147483647;
			files = (
			);
			runOnlyForDeploymentPostprocessing = 0;
		};
		8AAE38BD2DEF48860053668D /* Sources */ = {
			isa = PBXSourcesBuildPhase;
			buildActionMask = 2147483647;
			files = (
			);
			runOnlyForDeploymentPostprocessing = 0;
		};
		8AFF995F2DFB163800F3E1FB /* Sources */ = {
			isa = PBXSourcesBuildPhase;
			buildActionMask = 2147483647;
			files = (
				8AD40C442DFB4A7900FF448A /* NextWaveWatchWidgetExtension.swift in Sources */,
			);
			runOnlyForDeploymentPostprocessing = 0;
		};
/* End PBXSourcesBuildPhase section */

/* Begin PBXTargetDependency section */
		8A225F432D0ABC70008BA92B /* PBXTargetDependency */ = {
			isa = PBXTargetDependency;
			target = 8A225F302D0ABC6F008BA92B /* Next Wave */;
			targetProxy = 8A225F422D0ABC70008BA92B /* PBXContainerItemProxy */;
		};
		8A225F4D2D0ABC70008BA92B /* PBXTargetDependency */ = {
			isa = PBXTargetDependency;
			target = 8A225F302D0ABC6F008BA92B /* Next Wave */;
			targetProxy = 8A225F4C2D0ABC70008BA92B /* PBXContainerItemProxy */;
		};
		8A5C5B092DF0CFD600569B58 /* PBXTargetDependency */ = {
			isa = PBXTargetDependency;
			target = 8A5C5AFE2DF0CFD500569B58 /* NextWaveWidgetExtension */;
			targetProxy = 8A5C5B082DF0CFD600569B58 /* PBXContainerItemProxy */;
		};
		8AAE38CA2DEF48870053668D /* PBXTargetDependency */ = {
			isa = PBXTargetDependency;
			target = 8AAE38C02DEF48860053668D /* Next Wave Watch Watch App */;
			targetProxy = 8AAE38C92DEF48870053668D /* PBXContainerItemProxy */;
		};
		8AFF996D2DFB163900F3E1FB /* PBXTargetDependency */ = {
			isa = PBXTargetDependency;
			target = 8AFF99622DFB163800F3E1FB /* NextWaveWatchWidgetExtensionExtension */;
			targetProxy = 8AFF996C2DFB163900F3E1FB /* PBXContainerItemProxy */;
		};
		8AFF99772DFB1C8C00F3E1FB /* PBXTargetDependency */ = {
			isa = PBXTargetDependency;
			target = 8AFF99622DFB163800F3E1FB /* NextWaveWatchWidgetExtensionExtension */;
			targetProxy = 8AFF99762DFB1C8C00F3E1FB /* PBXContainerItemProxy */;
		};
/* End PBXTargetDependency section */

/* Begin XCBuildConfiguration section */
		8A225F532D0ABC70008BA92B /* Debug */ = {
			isa = XCBuildConfiguration;
			buildSettings = {
				ALWAYS_SEARCH_USER_PATHS = NO;
				ASSETCATALOG_COMPILER_GENERATE_SWIFT_ASSET_SYMBOL_EXTENSIONS = YES;
				CLANG_ANALYZER_NONNULL = YES;
				CLANG_ANALYZER_NUMBER_OBJECT_CONVERSION = YES_AGGRESSIVE;
				CLANG_CXX_LANGUAGE_STANDARD = "gnu++20";
				CLANG_ENABLE_MODULES = YES;
				CLANG_ENABLE_OBJC_ARC = YES;
				CLANG_ENABLE_OBJC_WEAK = YES;
				CLANG_WARN_BLOCK_CAPTURE_AUTORELEASING = YES;
				CLANG_WARN_BOOL_CONVERSION = YES;
				CLANG_WARN_COMMA = YES;
				CLANG_WARN_CONSTANT_CONVERSION = YES;
				CLANG_WARN_DEPRECATED_OBJC_IMPLEMENTATIONS = YES;
				CLANG_WARN_DIRECT_OBJC_ISA_USAGE = YES_ERROR;
				CLANG_WARN_DOCUMENTATION_COMMENTS = YES;
				CLANG_WARN_EMPTY_BODY = YES;
				CLANG_WARN_ENUM_CONVERSION = YES;
				CLANG_WARN_INFINITE_RECURSION = YES;
				CLANG_WARN_INT_CONVERSION = YES;
				CLANG_WARN_NON_LITERAL_NULL_CONVERSION = YES;
				CLANG_WARN_OBJC_IMPLICIT_RETAIN_SELF = YES;
				CLANG_WARN_OBJC_LITERAL_CONVERSION = YES;
				CLANG_WARN_OBJC_ROOT_CLASS = YES_ERROR;
				CLANG_WARN_QUOTED_INCLUDE_IN_FRAMEWORK_HEADER = YES;
				CLANG_WARN_RANGE_LOOP_ANALYSIS = YES;
				CLANG_WARN_STRICT_PROTOTYPES = YES;
				CLANG_WARN_SUSPICIOUS_MOVE = YES;
				CLANG_WARN_UNGUARDED_AVAILABILITY = YES_AGGRESSIVE;
				CLANG_WARN_UNREACHABLE_CODE = YES;
				CLANG_WARN__DUPLICATE_METHOD_MATCH = YES;
				COPY_PHASE_STRIP = NO;
				DEBUG_INFORMATION_FORMAT = dwarf;
				DEVELOPMENT_TEAM = CD7648W7NV;
				ENABLE_STRICT_OBJC_MSGSEND = YES;
				ENABLE_TESTABILITY = YES;
				ENABLE_USER_SCRIPT_SANDBOXING = YES;
				GCC_C_LANGUAGE_STANDARD = gnu17;
				GCC_DYNAMIC_NO_PIC = NO;
				GCC_NO_COMMON_BLOCKS = YES;
				GCC_OPTIMIZATION_LEVEL = 0;
				GCC_PREPROCESSOR_DEFINITIONS = (
					"DEBUG=1",
					"$(inherited)",
				);
				GCC_WARN_64_TO_32_BIT_CONVERSION = YES;
				GCC_WARN_ABOUT_RETURN_TYPE = YES_ERROR;
				GCC_WARN_UNDECLARED_SELECTOR = YES;
				GCC_WARN_UNINITIALIZED_AUTOS = YES_AGGRESSIVE;
				GCC_WARN_UNUSED_FUNCTION = YES;
				GCC_WARN_UNUSED_VARIABLE = YES;
				IPHONEOS_DEPLOYMENT_TARGET = 18.1;
				LOCALIZATION_PREFERS_STRING_CATALOGS = YES;
				MTL_ENABLE_DEBUG_INFO = INCLUDE_SOURCE;
				MTL_FAST_MATH = YES;
				ONLY_ACTIVE_ARCH = YES;
				SDKROOT = iphoneos;
				STRING_CATALOG_GENERATE_SYMBOLS = YES;
				SWIFT_ACTIVE_COMPILATION_CONDITIONS = "DEBUG $(inherited)";
				SWIFT_OPTIMIZATION_LEVEL = "-Onone";
			};
			name = Debug;
		};
		8A225F542D0ABC70008BA92B /* Release */ = {
			isa = XCBuildConfiguration;
			buildSettings = {
				ALWAYS_SEARCH_USER_PATHS = NO;
				ASSETCATALOG_COMPILER_GENERATE_SWIFT_ASSET_SYMBOL_EXTENSIONS = YES;
				CLANG_ANALYZER_NONNULL = YES;
				CLANG_ANALYZER_NUMBER_OBJECT_CONVERSION = YES_AGGRESSIVE;
				CLANG_CXX_LANGUAGE_STANDARD = "gnu++20";
				CLANG_ENABLE_MODULES = YES;
				CLANG_ENABLE_OBJC_ARC = YES;
				CLANG_ENABLE_OBJC_WEAK = YES;
				CLANG_WARN_BLOCK_CAPTURE_AUTORELEASING = YES;
				CLANG_WARN_BOOL_CONVERSION = YES;
				CLANG_WARN_COMMA = YES;
				CLANG_WARN_CONSTANT_CONVERSION = YES;
				CLANG_WARN_DEPRECATED_OBJC_IMPLEMENTATIONS = YES;
				CLANG_WARN_DIRECT_OBJC_ISA_USAGE = YES_ERROR;
				CLANG_WARN_DOCUMENTATION_COMMENTS = YES;
				CLANG_WARN_EMPTY_BODY = YES;
				CLANG_WARN_ENUM_CONVERSION = YES;
				CLANG_WARN_INFINITE_RECURSION = YES;
				CLANG_WARN_INT_CONVERSION = YES;
				CLANG_WARN_NON_LITERAL_NULL_CONVERSION = YES;
				CLANG_WARN_OBJC_IMPLICIT_RETAIN_SELF = YES;
				CLANG_WARN_OBJC_LITERAL_CONVERSION = YES;
				CLANG_WARN_OBJC_ROOT_CLASS = YES_ERROR;
				CLANG_WARN_QUOTED_INCLUDE_IN_FRAMEWORK_HEADER = YES;
				CLANG_WARN_RANGE_LOOP_ANALYSIS = YES;
				CLANG_WARN_STRICT_PROTOTYPES = YES;
				CLANG_WARN_SUSPICIOUS_MOVE = YES;
				CLANG_WARN_UNGUARDED_AVAILABILITY = YES_AGGRESSIVE;
				CLANG_WARN_UNREACHABLE_CODE = YES;
				CLANG_WARN__DUPLICATE_METHOD_MATCH = YES;
				COPY_PHASE_STRIP = NO;
				DEBUG_INFORMATION_FORMAT = "dwarf-with-dsym";
				DEVELOPMENT_TEAM = CD7648W7NV;
				ENABLE_NS_ASSERTIONS = NO;
				ENABLE_STRICT_OBJC_MSGSEND = YES;
				ENABLE_USER_SCRIPT_SANDBOXING = YES;
				GCC_C_LANGUAGE_STANDARD = gnu17;
				GCC_NO_COMMON_BLOCKS = YES;
				GCC_WARN_64_TO_32_BIT_CONVERSION = YES;
				GCC_WARN_ABOUT_RETURN_TYPE = YES_ERROR;
				GCC_WARN_UNDECLARED_SELECTOR = YES;
				GCC_WARN_UNINITIALIZED_AUTOS = YES_AGGRESSIVE;
				GCC_WARN_UNUSED_FUNCTION = YES;
				GCC_WARN_UNUSED_VARIABLE = YES;
				IPHONEOS_DEPLOYMENT_TARGET = 18.1;
				LOCALIZATION_PREFERS_STRING_CATALOGS = YES;
				MTL_ENABLE_DEBUG_INFO = NO;
				MTL_FAST_MATH = YES;
				SDKROOT = iphoneos;
				STRING_CATALOG_GENERATE_SYMBOLS = YES;
				SWIFT_COMPILATION_MODE = wholemodule;
				VALIDATE_PRODUCT = YES;
			};
			name = Release;
		};
		8A225F562D0ABC70008BA92B /* Debug */ = {
			isa = XCBuildConfiguration;
			buildSettings = {
				ASSETCATALOG_COMPILER_APPICON_NAME = AppIcon;
				ASSETCATALOG_COMPILER_GLOBAL_ACCENT_COLOR_NAME = AccentColor;
				CODE_SIGN_ENTITLEMENTS = "Next Wave/Next Wave.entitlements";
				CODE_SIGN_STYLE = Automatic;
				CURRENT_PROJECT_VERSION = 4;
				DEVELOPMENT_ASSET_PATHS = "\"Next Wave/Preview Content\"";
				ENABLE_APP_SANDBOX = YES;
				ENABLE_OUTGOING_NETWORK_CONNECTIONS = YES;
				ENABLE_PREVIEWS = YES;
				ENABLE_RESOURCE_ACCESS_LOCATION = YES;
				GENERATE_INFOPLIST_FILE = YES;
				INFOPLIST_FILE = "Next Wave/Info.plist";
				"INFOPLIST_FILE[sdk=*]" = "Next Wave/Info.plist";
				INFOPLIST_KEY_LSApplicationCategoryType = "public.app-category.sports";
				INFOPLIST_KEY_NSLocationUsageDescription = "Your location is needed to show you the nearest stations.";
				INFOPLIST_KEY_NSLocationWhenInUseUsageDescription = "Next Wave needs your location to find the nearest boat station.";
				INFOPLIST_KEY_UIApplicationSceneManifest_Generation = YES;
				INFOPLIST_KEY_UIApplicationSupportsIndirectInputEvents = YES;
				INFOPLIST_KEY_UILaunchScreen_Generation = YES;
				INFOPLIST_KEY_UIStatusBarStyle = "";
				INFOPLIST_KEY_UISupportedInterfaceOrientations = "UIInterfaceOrientationLandscapeLeft UIInterfaceOrientationLandscapeRight UIInterfaceOrientationPortrait";
				INFOPLIST_KEY_UISupportedInterfaceOrientations_iPad = "UIInterfaceOrientationLandscapeLeft UIInterfaceOrientationLandscapeRight UIInterfaceOrientationPortrait UIInterfaceOrientationPortraitUpsideDown";
				IPHONEOS_DEPLOYMENT_TARGET = 17.5;
				LD_RUNPATH_SEARCH_PATHS = (
					"$(inherited)",
					"@executable_path/Frameworks",
				);
				MARKETING_VERSION = 3.4.4;
				PRODUCT_BUNDLE_IDENTIFIER = "com.federi.Next-Wave";
				PRODUCT_NAME = "$(TARGET_NAME)";
				REGISTER_APP_GROUPS = NO;
				SUPPORTED_PLATFORMS = "iphoneos iphonesimulator";
				SUPPORTS_MACCATALYST = NO;
				SUPPORTS_MAC_DESIGNED_FOR_IPHONE_IPAD = NO;
				SUPPORTS_XR_DESIGNED_FOR_IPHONE_IPAD = NO;
				SWIFT_EMIT_LOC_STRINGS = YES;
				SWIFT_VERSION = 5.0;
				TARGETED_DEVICE_FAMILY = "1,2";
			};
			name = Debug;
		};
		8A225F572D0ABC70008BA92B /* Release */ = {
			isa = XCBuildConfiguration;
			buildSettings = {
				ASSETCATALOG_COMPILER_APPICON_NAME = AppIcon;
				ASSETCATALOG_COMPILER_GLOBAL_ACCENT_COLOR_NAME = AccentColor;
				CODE_SIGN_ENTITLEMENTS = "Next Wave/Next Wave.entitlements";
				CODE_SIGN_STYLE = Automatic;
				CURRENT_PROJECT_VERSION = 4;
				DEVELOPMENT_ASSET_PATHS = "\"Next Wave/Preview Content\"";
				ENABLE_APP_SANDBOX = YES;
				ENABLE_OUTGOING_NETWORK_CONNECTIONS = YES;
				ENABLE_PREVIEWS = YES;
				ENABLE_RESOURCE_ACCESS_LOCATION = YES;
				GENERATE_INFOPLIST_FILE = YES;
				INFOPLIST_FILE = "Next Wave/Info.plist";
				INFOPLIST_KEY_LSApplicationCategoryType = "public.app-category.sports";
				INFOPLIST_KEY_NSLocationUsageDescription = "Your location is needed to show you the nearest stations.";
				INFOPLIST_KEY_NSLocationWhenInUseUsageDescription = "Next Wave needs your location to find the nearest boat station.";
				INFOPLIST_KEY_UIApplicationSceneManifest_Generation = YES;
				INFOPLIST_KEY_UIApplicationSupportsIndirectInputEvents = YES;
				INFOPLIST_KEY_UILaunchScreen_Generation = YES;
				INFOPLIST_KEY_UIStatusBarStyle = "";
				INFOPLIST_KEY_UISupportedInterfaceOrientations = "UIInterfaceOrientationLandscapeLeft UIInterfaceOrientationLandscapeRight UIInterfaceOrientationPortrait";
				INFOPLIST_KEY_UISupportedInterfaceOrientations_iPad = "UIInterfaceOrientationLandscapeLeft UIInterfaceOrientationLandscapeRight UIInterfaceOrientationPortrait UIInterfaceOrientationPortraitUpsideDown";
				IPHONEOS_DEPLOYMENT_TARGET = 17.5;
				LD_RUNPATH_SEARCH_PATHS = (
					"$(inherited)",
					"@executable_path/Frameworks",
				);
				MARKETING_VERSION = 3.4.4;
				PRODUCT_BUNDLE_IDENTIFIER = "com.federi.Next-Wave";
				PRODUCT_NAME = "$(TARGET_NAME)";
				REGISTER_APP_GROUPS = NO;
				SUPPORTED_PLATFORMS = "iphoneos iphonesimulator";
				SUPPORTS_MACCATALYST = NO;
				SUPPORTS_MAC_DESIGNED_FOR_IPHONE_IPAD = NO;
				SUPPORTS_XR_DESIGNED_FOR_IPHONE_IPAD = NO;
				SWIFT_EMIT_LOC_STRINGS = YES;
				SWIFT_VERSION = 5.0;
				TARGETED_DEVICE_FAMILY = "1,2";
			};
			name = Release;
		};
		8A225F592D0ABC70008BA92B /* Debug */ = {
			isa = XCBuildConfiguration;
			buildSettings = {
				BUNDLE_LOADER = "$(TEST_HOST)";
				CODE_SIGN_STYLE = Automatic;
				CURRENT_PROJECT_VERSION = 4;
				GENERATE_INFOPLIST_FILE = YES;
				IPHONEOS_DEPLOYMENT_TARGET = 18.1;
				MARKETING_VERSION = 1.0;
				PRODUCT_BUNDLE_IDENTIFIER = "com.federi.Next-WaveTests";
				PRODUCT_NAME = "$(TARGET_NAME)";
				SWIFT_EMIT_LOC_STRINGS = NO;
				SWIFT_VERSION = 5.0;
				TARGETED_DEVICE_FAMILY = "1,2";
				TEST_HOST = "$(BUILT_PRODUCTS_DIR)/Next Wave.app/$(BUNDLE_EXECUTABLE_FOLDER_PATH)/Next Wave";
			};
			name = Debug;
		};
		8A225F5A2D0ABC70008BA92B /* Release */ = {
			isa = XCBuildConfiguration;
			buildSettings = {
				BUNDLE_LOADER = "$(TEST_HOST)";
				CODE_SIGN_STYLE = Automatic;
				CURRENT_PROJECT_VERSION = 4;
				GENERATE_INFOPLIST_FILE = YES;
				IPHONEOS_DEPLOYMENT_TARGET = 18.1;
				MARKETING_VERSION = 1.0;
				PRODUCT_BUNDLE_IDENTIFIER = "com.federi.Next-WaveTests";
				PRODUCT_NAME = "$(TARGET_NAME)";
				SWIFT_EMIT_LOC_STRINGS = NO;
				SWIFT_VERSION = 5.0;
				TARGETED_DEVICE_FAMILY = "1,2";
				TEST_HOST = "$(BUILT_PRODUCTS_DIR)/Next Wave.app/$(BUNDLE_EXECUTABLE_FOLDER_PATH)/Next Wave";
			};
			name = Release;
		};
		8A225F5C2D0ABC70008BA92B /* Debug */ = {
			isa = XCBuildConfiguration;
			buildSettings = {
				CLANG_ENABLE_MODULES = YES;
				CODE_SIGN_STYLE = Automatic;
				CURRENT_PROJECT_VERSION = 4;
				GENERATE_INFOPLIST_FILE = YES;
				MARKETING_VERSION = 1.0;
				PRODUCT_BUNDLE_IDENTIFIER = "com.federi.Next-WaveUITests";
				PRODUCT_NAME = "$(TARGET_NAME)";
				SWIFT_EMIT_LOC_STRINGS = NO;
				SWIFT_OBJC_BRIDGING_HEADER = "Next WaveUITests/Next WaveUITests-Bridging-Header.h";
				SWIFT_OPTIMIZATION_LEVEL = "-Onone";
				SWIFT_VERSION = 5.0;
				TARGETED_DEVICE_FAMILY = "1,2";
				TEST_TARGET_NAME = "Next Wave";
			};
			name = Debug;
		};
		8A225F5D2D0ABC70008BA92B /* Release */ = {
			isa = XCBuildConfiguration;
			buildSettings = {
				CLANG_ENABLE_MODULES = YES;
				CODE_SIGN_STYLE = Automatic;
				CURRENT_PROJECT_VERSION = 4;
				GENERATE_INFOPLIST_FILE = YES;
				MARKETING_VERSION = 1.0;
				PRODUCT_BUNDLE_IDENTIFIER = "com.federi.Next-WaveUITests";
				PRODUCT_NAME = "$(TARGET_NAME)";
				SWIFT_EMIT_LOC_STRINGS = NO;
				SWIFT_OBJC_BRIDGING_HEADER = "Next WaveUITests/Next WaveUITests-Bridging-Header.h";
				SWIFT_VERSION = 5.0;
				TARGETED_DEVICE_FAMILY = "1,2";
				TEST_TARGET_NAME = "Next Wave";
			};
			name = Release;
		};
		8A5C5B0C2DF0CFD600569B58 /* Debug */ = {
			isa = XCBuildConfiguration;
			buildSettings = {
				ASSETCATALOG_COMPILER_GLOBAL_ACCENT_COLOR_NAME = AccentColor;
				ASSETCATALOG_COMPILER_WIDGET_BACKGROUND_COLOR_NAME = WidgetBackground;
				CODE_SIGN_ENTITLEMENTS = NextWaveWidgetExtension.entitlements;
				CODE_SIGN_STYLE = Automatic;
				CURRENT_PROJECT_VERSION = 4;
				GENERATE_INFOPLIST_FILE = YES;
				INFOPLIST_FILE = NextWaveWidget/Info.plist;
				INFOPLIST_KEY_CFBundleDisplayName = NextWaveWidget;
				INFOPLIST_KEY_NSHumanReadableCopyright = "";
				IPHONEOS_DEPLOYMENT_TARGET = 17.5;
				LD_RUNPATH_SEARCH_PATHS = (
					"$(inherited)",
					"@executable_path/Frameworks",
					"@executable_path/../../Frameworks",
				);
				MARKETING_VERSION = 3.4.4;
				PRODUCT_BUNDLE_IDENTIFIER = "com.federi.Next-Wave.NextWaveWidget";
				PRODUCT_NAME = "$(TARGET_NAME)";
				SDKROOT = iphoneos;
				SKIP_INSTALL = YES;
				SWIFT_EMIT_LOC_STRINGS = YES;
				SWIFT_VERSION = 5.0;
				TARGETED_DEVICE_FAMILY = "1,2";
			};
			name = Debug;
		};
		8A5C5B0D2DF0CFD600569B58 /* Release */ = {
			isa = XCBuildConfiguration;
			buildSettings = {
				ASSETCATALOG_COMPILER_GLOBAL_ACCENT_COLOR_NAME = AccentColor;
				ASSETCATALOG_COMPILER_WIDGET_BACKGROUND_COLOR_NAME = WidgetBackground;
				CODE_SIGN_ENTITLEMENTS = NextWaveWidgetExtension.entitlements;
				CODE_SIGN_STYLE = Automatic;
				CURRENT_PROJECT_VERSION = 4;
				GENERATE_INFOPLIST_FILE = YES;
				INFOPLIST_FILE = NextWaveWidget/Info.plist;
				INFOPLIST_KEY_CFBundleDisplayName = NextWaveWidget;
				INFOPLIST_KEY_NSHumanReadableCopyright = "";
				IPHONEOS_DEPLOYMENT_TARGET = 17.5;
				LD_RUNPATH_SEARCH_PATHS = (
					"$(inherited)",
					"@executable_path/Frameworks",
					"@executable_path/../../Frameworks",
				);
				MARKETING_VERSION = 3.4.4;
				PRODUCT_BUNDLE_IDENTIFIER = "com.federi.Next-Wave.NextWaveWidget";
				PRODUCT_NAME = "$(TARGET_NAME)";
				SDKROOT = iphoneos;
				SKIP_INSTALL = YES;
				SWIFT_EMIT_LOC_STRINGS = YES;
				SWIFT_VERSION = 5.0;
				TARGETED_DEVICE_FAMILY = "1,2";
			};
			name = Release;
		};
		8AAE38CD2DEF48870053668D /* Debug */ = {
			isa = XCBuildConfiguration;
			buildSettings = {
				ASSETCATALOG_COMPILER_APPICON_NAME = AppIcon;
				ASSETCATALOG_COMPILER_GLOBAL_ACCENT_COLOR_NAME = AccentColor;
				CODE_SIGN_ENTITLEMENTS = "Next Wave Watch Watch App/Next Wave Watch Watch App.entitlements";
				CODE_SIGN_STYLE = Automatic;
				CURRENT_PROJECT_VERSION = 4;
				ENABLE_PREVIEWS = YES;
				GENERATE_INFOPLIST_FILE = YES;
				INFOPLIST_KEY_CFBundleDisplayName = "Next Wave Watch";
				INFOPLIST_KEY_UISupportedInterfaceOrientations = "UIInterfaceOrientationPortrait UIInterfaceOrientationPortraitUpsideDown";
				INFOPLIST_KEY_WKCompanionAppBundleIdentifier = "com.federi.Next-Wave";
				INFOPLIST_KEY_WKRunsIndependentlyOfCompanionApp = YES;
				LD_RUNPATH_SEARCH_PATHS = (
					"$(inherited)",
					"@executable_path/Frameworks",
				);
				MARKETING_VERSION = 3.4.4;
				PRODUCT_BUNDLE_IDENTIFIER = "com.federi.Next-Wave.watchkitapp";
				PRODUCT_NAME = "$(TARGET_NAME)";
				SDKROOT = watchos;
				SKIP_INSTALL = YES;
				SWIFT_EMIT_LOC_STRINGS = YES;
				SWIFT_VERSION = 5.0;
				TARGETED_DEVICE_FAMILY = 4;
				WATCHOS_DEPLOYMENT_TARGET = 10.6;
			};
			name = Debug;
		};
		8AAE38CE2DEF48870053668D /* Release */ = {
			isa = XCBuildConfiguration;
			buildSettings = {
				ASSETCATALOG_COMPILER_APPICON_NAME = AppIcon;
				ASSETCATALOG_COMPILER_GLOBAL_ACCENT_COLOR_NAME = AccentColor;
				CODE_SIGN_ENTITLEMENTS = "Next Wave Watch Watch App/Next Wave Watch Watch App.entitlements";
				CODE_SIGN_STYLE = Automatic;
				CURRENT_PROJECT_VERSION = 4;
				ENABLE_PREVIEWS = YES;
				GENERATE_INFOPLIST_FILE = YES;
				INFOPLIST_KEY_CFBundleDisplayName = "Next Wave Watch";
				INFOPLIST_KEY_UISupportedInterfaceOrientations = "UIInterfaceOrientationPortrait UIInterfaceOrientationPortraitUpsideDown";
				INFOPLIST_KEY_WKCompanionAppBundleIdentifier = "com.federi.Next-Wave";
				INFOPLIST_KEY_WKRunsIndependentlyOfCompanionApp = YES;
				LD_RUNPATH_SEARCH_PATHS = (
					"$(inherited)",
					"@executable_path/Frameworks",
				);
				MARKETING_VERSION = 3.4.4;
				PRODUCT_BUNDLE_IDENTIFIER = "com.federi.Next-Wave.watchkitapp";
				PRODUCT_NAME = "$(TARGET_NAME)";
				SDKROOT = watchos;
				SKIP_INSTALL = YES;
				SWIFT_EMIT_LOC_STRINGS = YES;
				SWIFT_VERSION = 5.0;
				TARGETED_DEVICE_FAMILY = 4;
				WATCHOS_DEPLOYMENT_TARGET = 10.6;
			};
			name = Release;
		};
		8AFF99702DFB163900F3E1FB /* Debug */ = {
			isa = XCBuildConfiguration;
			buildSettings = {
				ASSETCATALOG_COMPILER_GLOBAL_ACCENT_COLOR_NAME = AccentColor;
				ASSETCATALOG_COMPILER_WIDGET_BACKGROUND_COLOR_NAME = WidgetBackground;
				CODE_SIGN_ENTITLEMENTS = NextWaveWatchWidgetExtensionExtension.entitlements;
				CODE_SIGN_IDENTITY = "Apple Development";
				CODE_SIGN_STYLE = Automatic;
				CURRENT_PROJECT_VERSION = 4;
				DEVELOPMENT_TEAM = CD7648W7NV;
				GENERATE_INFOPLIST_FILE = YES;
				INFOPLIST_FILE = NextWaveWatchWidgetExtension/Info.plist;
				INFOPLIST_KEY_CFBundleDisplayName = NextWave;
				INFOPLIST_KEY_NSHumanReadableCopyright = "";
				LD_RUNPATH_SEARCH_PATHS = (
					"$(inherited)",
					"@executable_path/Frameworks",
					"@executable_path/../../Frameworks",
					"@executable_path/../../../../Frameworks",
				);
				MARKETING_VERSION = 3.4.4;
				PRODUCT_BUNDLE_IDENTIFIER = "com.federi.Next-Wave.watchkitapp.widget";
				PRODUCT_NAME = "$(TARGET_NAME)";
				PROVISIONING_PROFILE_SPECIFIER = "";
				SDKROOT = watchos;
				SKIP_INSTALL = YES;
				SWIFT_EMIT_LOC_STRINGS = YES;
				SWIFT_VERSION = 5.0;
				TARGETED_DEVICE_FAMILY = 4;
				WATCHOS_DEPLOYMENT_TARGET = 10.6;
			};
			name = Debug;
		};
		8AFF99712DFB163900F3E1FB /* Release */ = {
			isa = XCBuildConfiguration;
			buildSettings = {
				ASSETCATALOG_COMPILER_GLOBAL_ACCENT_COLOR_NAME = AccentColor;
				ASSETCATALOG_COMPILER_WIDGET_BACKGROUND_COLOR_NAME = WidgetBackground;
				CODE_SIGN_ENTITLEMENTS = NextWaveWatchWidgetExtensionExtension.entitlements;
				CODE_SIGN_IDENTITY = "Apple Development";
				CODE_SIGN_STYLE = Automatic;
				CURRENT_PROJECT_VERSION = 4;
				DEVELOPMENT_TEAM = CD7648W7NV;
				GENERATE_INFOPLIST_FILE = YES;
				INFOPLIST_FILE = NextWaveWatchWidgetExtension/Info.plist;
				INFOPLIST_KEY_CFBundleDisplayName = NextWave;
				INFOPLIST_KEY_NSHumanReadableCopyright = "";
				LD_RUNPATH_SEARCH_PATHS = (
					"$(inherited)",
					"@executable_path/Frameworks",
					"@executable_path/../../Frameworks",
					"@executable_path/../../../../Frameworks",
				);
				MARKETING_VERSION = 3.4.4;
				PRODUCT_BUNDLE_IDENTIFIER = "com.federi.Next-Wave.watchkitapp.widget";
				PRODUCT_NAME = "$(TARGET_NAME)";
				PROVISIONING_PROFILE_SPECIFIER = "";
				SDKROOT = watchos;
				SKIP_INSTALL = YES;
				SWIFT_EMIT_LOC_STRINGS = YES;
				SWIFT_VERSION = 5.0;
				TARGETED_DEVICE_FAMILY = 4;
				WATCHOS_DEPLOYMENT_TARGET = 10.6;
			};
			name = Release;
		};
/* End XCBuildConfiguration section */

/* Begin XCConfigurationList section */
		8A225F2C2D0ABC6F008BA92B /* Build configuration list for PBXProject "NextWave" */ = {
			isa = XCConfigurationList;
			buildConfigurations = (
				8A225F532D0ABC70008BA92B /* Debug */,
				8A225F542D0ABC70008BA92B /* Release */,
			);
			defaultConfigurationIsVisible = 0;
			defaultConfigurationName = Release;
		};
		8A225F552D0ABC70008BA92B /* Build configuration list for PBXNativeTarget "Next Wave" */ = {
			isa = XCConfigurationList;
			buildConfigurations = (
				8A225F562D0ABC70008BA92B /* Debug */,
				8A225F572D0ABC70008BA92B /* Release */,
			);
			defaultConfigurationIsVisible = 0;
			defaultConfigurationName = Release;
		};
		8A225F582D0ABC70008BA92B /* Build configuration list for PBXNativeTarget "Next WaveTests" */ = {
			isa = XCConfigurationList;
			buildConfigurations = (
				8A225F592D0ABC70008BA92B /* Debug */,
				8A225F5A2D0ABC70008BA92B /* Release */,
			);
			defaultConfigurationIsVisible = 0;
			defaultConfigurationName = Release;
		};
		8A225F5B2D0ABC70008BA92B /* Build configuration list for PBXNativeTarget "Next WaveUITests" */ = {
			isa = XCConfigurationList;
			buildConfigurations = (
				8A225F5C2D0ABC70008BA92B /* Debug */,
				8A225F5D2D0ABC70008BA92B /* Release */,
			);
			defaultConfigurationIsVisible = 0;
			defaultConfigurationName = Release;
		};
		8A5C5B0B2DF0CFD600569B58 /* Build configuration list for PBXNativeTarget "NextWaveWidgetExtension" */ = {
			isa = XCConfigurationList;
			buildConfigurations = (
				8A5C5B0C2DF0CFD600569B58 /* Debug */,
				8A5C5B0D2DF0CFD600569B58 /* Release */,
			);
			defaultConfigurationIsVisible = 0;
			defaultConfigurationName = Release;
		};
		8AAE38CC2DEF48870053668D /* Build configuration list for PBXNativeTarget "Next Wave Watch Watch App" */ = {
			isa = XCConfigurationList;
			buildConfigurations = (
				8AAE38CD2DEF48870053668D /* Debug */,
				8AAE38CE2DEF48870053668D /* Release */,
			);
			defaultConfigurationIsVisible = 0;
			defaultConfigurationName = Release;
		};
		8AFF996F2DFB163900F3E1FB /* Build configuration list for PBXNativeTarget "NextWaveWatchWidgetExtensionExtension" */ = {
			isa = XCConfigurationList;
			buildConfigurations = (
				8AFF99702DFB163900F3E1FB /* Debug */,
				8AFF99712DFB163900F3E1FB /* Release */,
			);
			defaultConfigurationIsVisible = 0;
			defaultConfigurationName = Release;
		};
/* End XCConfigurationList section */
	};
	rootObject = 8A225F292D0ABC6F008BA92B /* Project object */;
}
